
Microsoft Visual Studio Solution File, Format Version 12.00
# Visual Studio Version 17
VisualStudioVersion = 17.9.34728.123
MinimumVisualStudioVersion = 10.0.40219.1
Project("{FAE04EC0-301F-11D3-BF4B-00C04F79EFBC}") = "AVAIOT.SIG", "AVAIOT.SIG\AVAIOT.SIG.csproj", "{B7FD8536-8E2C-46AD-9F83-066C9151ABD3}"
EndProject
Project("{FAE04EC0-301F-11D3-BF4B-00C04F79EFBC}") = "SIG.Data", "SIG.Data\SIG.Data.csproj", "{07A82EF2-67EF-4DA6-9B0A-C7B6331E1F83}"
EndProject
Project("{FAE04EC0-301F-11D3-BF4B-00C04F79EFBC}") = "SIG.ModeloDeNegocios", "SIG.ModeloDeNegocios\SIG.ModeloDeNegocios.csproj", "{D2B618ED-F871-4BD2-8AD0-C9FBAA03D01F}"
EndProject
Global
	GlobalSection(SolutionConfigurationPlatforms) = preSolution
		Debug|Any CPU = Debug|Any CPU
		Release|Any CPU = Release|Any CPU
	EndGlobalSection
	GlobalSection(ProjectConfigurationPlatforms) = postSolution
		{B7FD8536-8E2C-46AD-9F83-066C9151ABD3}.Debug|Any CPU.ActiveCfg = Debug|Any CPU
		{B7FD8536-8E2C-46AD-9F83-066C9151ABD3}.Debug|Any CPU.Build.0 = Debug|Any CPU
		{B7FD8536-8E2C-46AD-9F83-066C9151ABD3}.Release|Any CPU.ActiveCfg = Release|Any CPU
		{B7FD8536-8E2C-46AD-9F83-066C9151ABD3}.Release|Any CPU.Build.0 = Release|Any CPU
		{07A82EF2-67EF-4DA6-9B0A-C7B6331E1F83}.Debug|Any CPU.ActiveCfg = Debug|Any CPU
		{07A82EF2-67EF-4DA6-9B0A-C7B6331E1F83}.Debug|Any CPU.Build.0 = Debug|Any CPU
		{07A82EF2-67EF-4DA6-9B0A-C7B6331E1F83}.Release|Any CPU.ActiveCfg = Release|Any CPU
		{07A82EF2-67EF-4DA6-9B0A-C7B6331E1F83}.Release|Any CPU.Build.0 = Release|Any CPU
		{D2B618ED-F871-4BD2-8AD0-C9FBAA03D01F}.Debug|Any CPU.ActiveCfg = Debug|Any CPU
		{D2B618ED-F871-4BD2-8AD0-C9FBAA03D01F}.Debug|Any CPU.Build.0 = Debug|Any CPU
		{D2B618ED-F871-4BD2-8AD0-C9FBAA03D01F}.Release|Any CPU.ActiveCfg = Release|Any CPU
		{D2B618ED-F871-4BD2-8AD0-C9FBAA03D01F}.Release|Any CPU.Build.0 = Release|Any CPU
	EndGlobalSection
	GlobalSection(SolutionProperties) = preSolution
		HideSolutionNode = FALSE
	EndGlobalSection
	GlobalSection(ExtensibilityGlobals) = postSolution
		SolutionGuid = {29684DFF-F39D-48BE-9019-639433EE82C5}
	EndGlobalSection
EndGlobal
